
Microsoft Visual Studio Solution File, Format Version 12.00
# Visual Studio 15
VisualStudioVersion = 15.0.26124.0
MinimumVisualStudioVersion = 15.0.26124.0
Project("{2150E333-8FDC-42A3-9474-1A3956D46DE8}") = "src", "src", "{E6473631-2360-42A9-A1EB-D4AE22F0AD89}"
EndProject
Project("{FAE04EC0-301F-11D3-BF4B-00C04F79EFBC}") = "GradeBook", "src\GradeBook\GradeBook.csproj", "{13596C52-F2BF-4B49-9EAD-B10141EC9320}"
EndProject
Project("{2150E333-8FDC-42A3-9474-1A3956D46DE8}") = "test", "test", "{2D53B7E3-9A20-4CCF-A39A-E5A26092CEB8}"
EndProject
Project("{FAE04EC0-301F-11D3-BF4B-00C04F79EFBC}") = "GradeBook.Tests", "test\GradeBook.Tests\GradeBook.Tests.csproj", "{7B0DDEC3-1605-4287-B9E1-BEC1C9E4C79C}"
EndProject
Global
	GlobalSection(SolutionConfigurationPlatforms) = preSolution
		Debug|Any CPU = Debug|Any CPU
		Debug|x64 = Debug|x64
		Debug|x86 = Debug|x86
		Release|Any CPU = Release|Any CPU
		Release|x64 = Release|x64
		Release|x86 = Release|x86
	EndGlobalSection
	GlobalSection(SolutionProperties) = preSolution
		HideSolutionNode = FALSE
	EndGlobalSection
	GlobalSection(ProjectConfigurationPlatforms) = postSolution
		{13596C52-F2BF-4B49-9EAD-B10141EC9320}.Debug|Any CPU.ActiveCfg = Debug|Any CPU
		{13596C52-F2BF-4B49-9EAD-B10141EC9320}.Debug|Any CPU.Build.0 = Debug|Any CPU
		{13596C52-F2BF-4B49-9EAD-B10141EC9320}.Debug|x64.ActiveCfg = Debug|Any CPU
		{13596C52-F2BF-4B49-9EAD-B10141EC9320}.Debug|x64.Build.0 = Debug|Any CPU
		{13596C52-F2BF-4B49-9EAD-B10141EC9320}.Debug|x86.ActiveCfg = Debug|Any CPU
		{13596C52-F2BF-4B49-9EAD-B10141EC9320}.Debug|x86.Build.0 = Debug|Any CPU
		{13596C52-F2BF-4B49-9EAD-B10141EC9320}.Release|Any CPU.ActiveCfg = Release|Any CPU
		{13596C52-F2BF-4B49-9EAD-B10141EC9320}.Release|Any CPU.Build.0 = Release|Any CPU
		{13596C52-F2BF-4B49-9EAD-B10141EC9320}.Release|x64.ActiveCfg = Release|Any CPU
		{13596C52-F2BF-4B49-9EAD-B10141EC9320}.Release|x64.Build.0 = Release|Any CPU
		{13596C52-F2BF-4B49-9EAD-B10141EC9320}.Release|x86.ActiveCfg = Release|Any CPU
		{13596C52-F2BF-4B49-9EAD-B10141EC9320}.Release|x86.Build.0 = Release|Any CPU
		{7B0DDEC3-1605-4287-B9E1-BEC1C9E4C79C}.Debug|Any CPU.ActiveCfg = Debug|Any CPU
		{7B0DDEC3-1605-4287-B9E1-BEC1C9E4C79C}.Debug|Any CPU.Build.0 = Debug|Any CPU
		{7B0DDEC3-1605-4287-B9E1-BEC1C9E4C79C}.Debug|x64.ActiveCfg = Debug|Any CPU
		{7B0DDEC3-1605-4287-B9E1-BEC1C9E4C79C}.Debug|x64.Build.0 = Debug|Any CPU
		{7B0DDEC3-1605-4287-B9E1-BEC1C9E4C79C}.Debug|x86.ActiveCfg = Debug|Any CPU
		{7B0DDEC3-1605-4287-B9E1-BEC1C9E4C79C}.Debug|x86.Build.0 = Debug|Any CPU
		{7B0DDEC3-1605-4287-B9E1-BEC1C9E4C79C}.Release|Any CPU.ActiveCfg = Release|Any CPU
		{7B0DDEC3-1605-4287-B9E1-BEC1C9E4C79C}.Release|Any CPU.Build.0 = Release|Any CPU
		{7B0DDEC3-1605-4287-B9E1-BEC1C9E4C79C}.Release|x64.ActiveCfg = Release|Any CPU
		{7B0DDEC3-1605-4287-B9E1-BEC1C9E4C79C}.Release|x64.Build.0 = Release|Any CPU
		{7B0DDEC3-1605-4287-B9E1-BEC1C9E4C79C}.Release|x86.ActiveCfg = Release|Any CPU
		{7B0DDEC3-1605-4287-B9E1-BEC1C9E4C79C}.Release|x86.Build.0 = Release|Any CPU
	EndGlobalSection
	GlobalSection(NestedProjects) = preSolution
		{13596C52-F2BF-4B49-9EAD-B10141EC9320} = {E6473631-2360-42A9-A1EB-D4AE22F0AD89}
		{7B0DDEC3-1605-4287-B9E1-BEC1C9E4C79C} = {2D53B7E3-9A20-4CCF-A39A-E5A26092CEB8}
	EndGlobalSection
EndGlobal
